
Microsoft Visual Studio Solution File, Format Version 12.00
# Visual Studio 15
Project("{FAE04EC0-301F-11D3-BF4B-00C04F79EFBC}") = "ExerciseTwoSeven", "ExerciseTwoSeven.csproj", "{C6A6E7C7-72B5-4ED3-A9C5-567145580A56}"
EndProject
Global
	GlobalSection(SolutionConfigurationPlatforms) = preSolution
		Debug|Any CPU = Debug|Any CPU
		Release|Any CPU = Release|Any CPU
	EndGlobalSection
	GlobalSection(ProjectConfigurationPlatforms) = postSolution
		{C6A6E7C7-72B5-4ED3-A9C5-567145580A56}.Debug|Any CPU.ActiveCfg = Debug|Any CPU
		{C6A6E7C7-72B5-4ED3-A9C5-567145580A56}.Debug|Any CPU.Build.0 = Debug|Any CPU
		{C6A6E7C7-72B5-4ED3-A9C5-567145580A56}.Release|Any CPU.ActiveCfg = Release|Any CPU
		{C6A6E7C7-72B5-4ED3-A9C5-567145580A56}.Release|Any CPU.Build.0 = Release|Any CPU
	EndGlobalSection
EndGlobal
