
Microsoft Visual Studio Solution File, Format Version 12.00
# Visual Studio 15
Project("{FAE04EC0-301F-11D3-BF4B-00C04F79EFBC}") = "ExerciseTwoFour", "ExerciseTwoFour.csproj", "{70B3B1EA-C37C-410E-92E3-66050DB52989}"
EndProject
Global
	GlobalSection(SolutionConfigurationPlatforms) = preSolution
		Debug|Any CPU = Debug|Any CPU
		Release|Any CPU = Release|Any CPU
	EndGlobalSection
	GlobalSection(ProjectConfigurationPlatforms) = postSolution
		{70B3B1EA-C37C-410E-92E3-66050DB52989}.Debug|Any CPU.ActiveCfg = Debug|Any CPU
		{70B3B1EA-C37C-410E-92E3-66050DB52989}.Debug|Any CPU.Build.0 = Debug|Any CPU
		{70B3B1EA-C37C-410E-92E3-66050DB52989}.Release|Any CPU.ActiveCfg = Release|Any CPU
		{70B3B1EA-C37C-410E-92E3-66050DB52989}.Release|Any CPU.Build.0 = Release|Any CPU
	EndGlobalSection
EndGlobal
